
Microsoft Visual Studio Solution File, Format Version 12.00
# Visual Studio Version 17
VisualStudioVersion = 17.7.34031.279
MinimumVisualStudioVersion = 10.0.40219.1
Project("{FAE04EC0-301F-11D3-BF4B-00C04F79EFBC}") = "MovieSearchWebApp", "MovieSearchWebApp\MovieSearchWebApp.csproj", "{07B0F603-0F76-46AD-8301-05F911D07A52}"
EndProject
Global
	GlobalSection(SolutionConfigurationPlatforms) = preSolution
		Debug|Any CPU = Debug|Any CPU
		Release|Any CPU = Release|Any CPU
	EndGlobalSection
	GlobalSection(ProjectConfigurationPlatforms) = postSolution
		{07B0F603-0F76-46AD-8301-05F911D07A52}.Debug|Any CPU.ActiveCfg = Debug|Any CPU
		{07B0F603-0F76-46AD-8301-05F911D07A52}.Debug|Any CPU.Build.0 = Debug|Any CPU
		{07B0F603-0F76-46AD-8301-05F911D07A52}.Release|Any CPU.ActiveCfg = Release|Any CPU
		{07B0F603-0F76-46AD-8301-05F911D07A52}.Release|Any CPU.Build.0 = Release|Any CPU
	EndGlobalSection
	GlobalSection(SolutionProperties) = preSolution
		HideSolutionNode = FALSE
	EndGlobalSection
	GlobalSection(ExtensibilityGlobals) = postSolution
		SolutionGuid = {0EDEC597-78B9-4C9D-BC73-440AFEB7E0CF}
	EndGlobalSection
EndGlobal
